
Microsoft Visual Studio Solution File, Format Version 12.00
# Visual Studio Version 17
VisualStudioVersion = 17.2.32505.173
MinimumVisualStudioVersion = 10.0.40219.1
Project("{2150E333-8FDC-42A3-9474-1A3956D46DE8}") = "WinForms", "WinForms", "{097C8D2E-EE24-4F87-AC02-FCC35D56C10E}"
EndProject
Project("{2150E333-8FDC-42A3-9474-1A3956D46DE8}") = "Lab01", "Lab01", "{4A336548-E3DF-4CE5-9D69-F3849358CBC5}"
EndProject
Project("{FAE04EC0-301F-11D3-BF4B-00C04F79EFBC}") = "ITMO.CSDesktop.WinForms.Lab01.Task1", "ITMO.CSDesktop.WinForms.Labs\ITMO.CSDesktop.WinForms.Lab01\ITMO.CSDesktop.WinForms.Lab01.Task1\ITMO.CSDesktop.WinForms.Lab01.Task1.csproj", "{CA8FDAFC-48BE-4D33-8B26-CC6AD977B374}"
EndProject
Project("{FAE04EC0-301F-11D3-BF4B-00C04F79EFBC}") = "ITMO.CSDesktop.WinForms.Lab01.Task2", "ITMO.CSDesktop.WinForms.Labs\ITMO.CSDesktop.WinForms.Lab01\ITMO.CSDesktop.WinForms.Lab01.Task2\ITMO.CSDesktop.WinForms.Lab01.Task2.csproj", "{305B8486-D136-4C81-81FF-2E072B56696E}"
EndProject
Project("{FAE04EC0-301F-11D3-BF4B-00C04F79EFBC}") = "ITMO.CSDesktop.WinForms.Lab01.Task3", "ITMO.CSDesktop.WinForms.Labs\ITMO.CSDesktop.WinForms.Lab01\ITMO.CSDesktop.WinForms.Lab01.Task3\ITMO.CSDesktop.WinForms.Lab01.Task3.csproj", "{B41F2830-9AD2-410D-93B6-01C51960A3DC}"
EndProject
Project("{2150E333-8FDC-42A3-9474-1A3956D46DE8}") = "Lab02", "Lab02", "{1FBB06DC-E131-47D4-93FD-5062DABBE806}"
EndProject
Project("{FAE04EC0-301F-11D3-BF4B-00C04F79EFBC}") = "ITMO.CSDesktop.WinForms.Lab02.Task1", "ITMO.CSDesktop.WinForms.Labs\ITMO.CSDesktop.WinForms.Lab02\ITMO.CSDesktop.WinForms.Lab02.Task1\ITMO.CSDesktop.WinForms.Lab02.Task1.csproj", "{D7C08DA1-A85A-451A-9198-82D7F4542CF4}"
EndProject
Project("{FAE04EC0-301F-11D3-BF4B-00C04F79EFBC}") = "Task5.1", "ITMO.CSDesktop.WinForms.Labs\ITMO.CSDesktop.WinForms.Lab01\ITMO.CSDesktop.WinForms.Lab01.Task5\Task5.1\Task5.1.csproj", "{BDC83D60-A126-4F36-9366-648EA88AC532}"
EndProject
Project("{FAE04EC0-301F-11D3-BF4B-00C04F79EFBC}") = "Task5.2", "ITMO.CSDesktop.WinForms.Labs\ITMO.CSDesktop.WinForms.Lab01\ITMO.CSDesktop.WinForms.Lab01.Task5\Task5.2\Task5.2.csproj", "{8DF5C1A9-815A-47C7-8200-275232725818}"
EndProject
Project("{FAE04EC0-301F-11D3-BF4B-00C04F79EFBC}") = "ITMO.CSDesktop.WinForms.Lab02.Task2", "ITMO.CSDesktop.WinForms.Labs\ITMO.CSDesktop.WinForms.Lab02\ITMO.CSDesktop.WinForms.Lab02.Task2\ITMO.CSDesktop.WinForms.Lab02.Task2.csproj", "{BDF816E7-8ECE-4626-9A77-A159E143A17D}"
EndProject
Project("{FAE04EC0-301F-11D3-BF4B-00C04F79EFBC}") = "ITMO.CSDesktop.WinForms.Lab01.Task4", "ITMO.CSDesktop.WinForms.Labs\ITMO.CSDesktop.WinForms.Lab01\ITMO.CSDesktop.WinForms.Lab01.Task4\ITMO.CSDesktop.WinForms.Lab01.Task4.csproj", "{B37F5A72-ACD7-4B4C-B52E-E35FCE8828F7}"
EndProject
Project("{FAE04EC0-301F-11D3-BF4B-00C04F79EFBC}") = "ITMO.CSDesktop.WinForms.Lab02.Task3-4", "ITMO.CSDesktop.WinForms.Labs\ITMO.CSDesktop.WinForms.Lab02\ITMO.CSDesktop.WinForms.Lab02.Task3-4\ITMO.CSDesktop.WinForms.Lab02.Task3-4.csproj", "{9C82A79F-4D18-4028-9049-9A970E2DF7F3}"
EndProject
Project("{FAE04EC0-301F-11D3-BF4B-00C04F79EFBC}") = "ITMO.CSDesktop.WinForms.Lab02.Task5", "ITMO.CSDesktop.WinForms.Labs\ITMO.CSDesktop.WinForms.Lab02\ITMO.CSDesktop.WinForms.Lab02.Task5\ITMO.CSDesktop.WinForms.Lab02.Task5.csproj", "{07DDAF95-DC55-494E-B641-6A305E4CBF58}"
EndProject
Project("{FAE04EC0-301F-11D3-BF4B-00C04F79EFBC}") = "ITMO.CSDesktop.WinForms.Lab02.Task6", "ITMO.CSDesktop.WinForms.Labs\ITMO.CSDesktop.WinForms.Lab02\ITMO.CSDesktop.WinForms.Lab02.Task6\ITMO.CSDesktop.WinForms.Lab02.Task6.csproj", "{28E76BAE-378C-466E-8852-6ECD2BF13A94}"
EndProject
Project("{FAE04EC0-301F-11D3-BF4B-00C04F79EFBC}") = "ITMO.CSDesktop.WinForms.Lab02.Task7-8", "ITMO.CSDesktop.WinForms.Labs\ITMO.CSDesktop.WinForms.Lab02\ITMO.CSDesktop.WinForms.Lab02.Task7-8\ITMO.CSDesktop.WinForms.Lab02.Task7-8.csproj", "{5E5FD4B5-AEA3-409A-AEFF-B2485CE8ACD3}"
EndProject
Project("{2150E333-8FDC-42A3-9474-1A3956D46DE8}") = "Lab03", "Lab03", "{32C78755-BA0E-4E61-A9A2-22EB7283CD53}"
EndProject
Project("{FAE04EC0-301F-11D3-BF4B-00C04F79EFBC}") = "ITMO.CSDesktop.WinForms.Lab03.Task1", "ITMO.CSDesktop.WinForms.Labs\ITMO.CSDesktop.WinForms.Lab03\ITMO.CSDesktop.WinForms.Lab03.Task1\ITMO.CSDesktop.WinForms.Lab03.Task1.csproj", "{E25F1BE9-96BE-402F-AD6F-9BA7B7323214}"
EndProject
Project("{FAE04EC0-301F-11D3-BF4B-00C04F79EFBC}") = "ITMO.CSDesktop.WinForms.Lab03.Task2", "ITMO.CSDesktop.WinForms.Labs\ITMO.CSDesktop.WinForms.Lab03\ITMO.CSDesktop.WinForms.Lab03.Task2\ITMO.CSDesktop.WinForms.Lab03.Task2.csproj", "{935B8E11-BE57-40A1-B95E-EB65AD0E3EE2}"
EndProject
Project("{2150E333-8FDC-42A3-9474-1A3956D46DE8}") = "Lab05", "Lab05", "{1DBFD170-4163-4124-9D28-F39333B2A9EE}"
EndProject
Project("{FAE04EC0-301F-11D3-BF4B-00C04F79EFBC}") = "ITMO.CSDesktop.WinForms.Lab05.Task1", "ITMO.CSDesktop.WinForms.Labs\ITMO.CSDesktop.WinForms.Lab05\ITMO.CSDesktop.WinForms.Lab05.Task1\ITMO.CSDesktop.WinForms.Lab05.Task1.csproj", "{082E550C-40DA-4028-9199-31105FA3A691}"
EndProject
Project("{FAE04EC0-301F-11D3-BF4B-00C04F79EFBC}") = "ITMO.CSDesktop.WinForms.Lab05.Task3", "ITMO.CSDesktop.WinForms.Labs\ITMO.CSDesktop.WinForms.Lab05\ITMO.CSDesktop.WinForms.Lab05.Task3\ITMO.CSDesktop.WinForms.Lab05.Task3.csproj", "{FC66C1FF-EB9C-40AC-BAEC-6DF200FA65D1}"
EndProject
Project("{2150E333-8FDC-42A3-9474-1A3956D46DE8}") = "Lab07", "Lab07", "{D7FEFF1D-7AA0-453B-A7E9-D83A6BCFB2E6}"
EndProject
Project("{FAE04EC0-301F-11D3-BF4B-00C04F79EFBC}") = "ITMO.CSDesktop.WinForms.Lab07.Task1", "ITMO.CSDesktop.WinForms.Labs\ITMO.CSDesktop.WinForms.Lab07\ITMO.CSDesktop.WinForms.Lab07.Task1\ITMO.CSDesktop.WinForms.Lab07.Task1.csproj", "{70D2A129-8EBD-4CC3-9D55-26E6E0B2D820}"
EndProject
Project("{FAE04EC0-301F-11D3-BF4B-00C04F79EFBC}") = "ITMO.CSDesktop.WinForms.Lab07.Task2", "ITMO.CSDesktop.WinForms.Labs\ITMO.CSDesktop.WinForms.Lab07\ITMO.CSDesktop.WinForms.Lab07.Task2\ITMO.CSDesktop.WinForms.Lab07.Task2.csproj", "{AD622EC5-8077-4470-B842-8B9D48EBE133}"
EndProject
Global
	GlobalSection(SolutionConfigurationPlatforms) = preSolution
		Debug|Any CPU = Debug|Any CPU
		Release|Any CPU = Release|Any CPU
	EndGlobalSection
	GlobalSection(ProjectConfigurationPlatforms) = postSolution
		{CA8FDAFC-48BE-4D33-8B26-CC6AD977B374}.Debug|Any CPU.ActiveCfg = Debug|Any CPU
		{CA8FDAFC-48BE-4D33-8B26-CC6AD977B374}.Debug|Any CPU.Build.0 = Debug|Any CPU
		{CA8FDAFC-48BE-4D33-8B26-CC6AD977B374}.Release|Any CPU.ActiveCfg = Release|Any CPU
		{CA8FDAFC-48BE-4D33-8B26-CC6AD977B374}.Release|Any CPU.Build.0 = Release|Any CPU
		{305B8486-D136-4C81-81FF-2E072B56696E}.Debug|Any CPU.ActiveCfg = Debug|Any CPU
		{305B8486-D136-4C81-81FF-2E072B56696E}.Debug|Any CPU.Build.0 = Debug|Any CPU
		{305B8486-D136-4C81-81FF-2E072B56696E}.Release|Any CPU.ActiveCfg = Release|Any CPU
		{305B8486-D136-4C81-81FF-2E072B56696E}.Release|Any CPU.Build.0 = Release|Any CPU
		{B41F2830-9AD2-410D-93B6-01C51960A3DC}.Debug|Any CPU.ActiveCfg = Debug|Any CPU
		{B41F2830-9AD2-410D-93B6-01C51960A3DC}.Debug|Any CPU.Build.0 = Debug|Any CPU
		{B41F2830-9AD2-410D-93B6-01C51960A3DC}.Release|Any CPU.ActiveCfg = Release|Any CPU
		{B41F2830-9AD2-410D-93B6-01C51960A3DC}.Release|Any CPU.Build.0 = Release|Any CPU
		{D7C08DA1-A85A-451A-9198-82D7F4542CF4}.Debug|Any CPU.ActiveCfg = Debug|Any CPU
		{D7C08DA1-A85A-451A-9198-82D7F4542CF4}.Debug|Any CPU.Build.0 = Debug|Any CPU
		{D7C08DA1-A85A-451A-9198-82D7F4542CF4}.Release|Any CPU.ActiveCfg = Release|Any CPU
		{D7C08DA1-A85A-451A-9198-82D7F4542CF4}.Release|Any CPU.Build.0 = Release|Any CPU
		{BDC83D60-A126-4F36-9366-648EA88AC532}.Debug|Any CPU.ActiveCfg = Debug|Any CPU
		{BDC83D60-A126-4F36-9366-648EA88AC532}.Debug|Any CPU.Build.0 = Debug|Any CPU
		{BDC83D60-A126-4F36-9366-648EA88AC532}.Release|Any CPU.ActiveCfg = Release|Any CPU
		{BDC83D60-A126-4F36-9366-648EA88AC532}.Release|Any CPU.Build.0 = Release|Any CPU
		{8DF5C1A9-815A-47C7-8200-275232725818}.Debug|Any CPU.ActiveCfg = Debug|Any CPU
		{8DF5C1A9-815A-47C7-8200-275232725818}.Debug|Any CPU.Build.0 = Debug|Any CPU
		{8DF5C1A9-815A-47C7-8200-275232725818}.Release|Any CPU.ActiveCfg = Release|Any CPU
		{8DF5C1A9-815A-47C7-8200-275232725818}.Release|Any CPU.Build.0 = Release|Any CPU
		{BDF816E7-8ECE-4626-9A77-A159E143A17D}.Debug|Any CPU.ActiveCfg = Debug|Any CPU
		{BDF816E7-8ECE-4626-9A77-A159E143A17D}.Debug|Any CPU.Build.0 = Debug|Any CPU
		{BDF816E7-8ECE-4626-9A77-A159E143A17D}.Release|Any CPU.ActiveCfg = Release|Any CPU
		{BDF816E7-8ECE-4626-9A77-A159E143A17D}.Release|Any CPU.Build.0 = Release|Any CPU
		{B37F5A72-ACD7-4B4C-B52E-E35FCE8828F7}.Debug|Any CPU.ActiveCfg = Debug|Any CPU
		{B37F5A72-ACD7-4B4C-B52E-E35FCE8828F7}.Debug|Any CPU.Build.0 = Debug|Any CPU
		{B37F5A72-ACD7-4B4C-B52E-E35FCE8828F7}.Release|Any CPU.ActiveCfg = Release|Any CPU
		{B37F5A72-ACD7-4B4C-B52E-E35FCE8828F7}.Release|Any CPU.Build.0 = Release|Any CPU
		{9C82A79F-4D18-4028-9049-9A970E2DF7F3}.Debug|Any CPU.ActiveCfg = Debug|Any CPU
		{9C82A79F-4D18-4028-9049-9A970E2DF7F3}.Debug|Any CPU.Build.0 = Debug|Any CPU
		{9C82A79F-4D18-4028-9049-9A970E2DF7F3}.Release|Any CPU.ActiveCfg = Release|Any CPU
		{9C82A79F-4D18-4028-9049-9A970E2DF7F3}.Release|Any CPU.Build.0 = Release|Any CPU
		{07DDAF95-DC55-494E-B641-6A305E4CBF58}.Debug|Any CPU.ActiveCfg = Debug|Any CPU
		{07DDAF95-DC55-494E-B641-6A305E4CBF58}.Debug|Any CPU.Build.0 = Debug|Any CPU
		{07DDAF95-DC55-494E-B641-6A305E4CBF58}.Release|Any CPU.ActiveCfg = Release|Any CPU
		{07DDAF95-DC55-494E-B641-6A305E4CBF58}.Release|Any CPU.Build.0 = Release|Any CPU
		{28E76BAE-378C-466E-8852-6ECD2BF13A94}.Debug|Any CPU.ActiveCfg = Debug|Any CPU
		{28E76BAE-378C-466E-8852-6ECD2BF13A94}.Debug|Any CPU.Build.0 = Debug|Any CPU
		{28E76BAE-378C-466E-8852-6ECD2BF13A94}.Release|Any CPU.ActiveCfg = Release|Any CPU
		{28E76BAE-378C-466E-8852-6ECD2BF13A94}.Release|Any CPU.Build.0 = Release|Any CPU
		{5E5FD4B5-AEA3-409A-AEFF-B2485CE8ACD3}.Debug|Any CPU.ActiveCfg = Debug|Any CPU
		{5E5FD4B5-AEA3-409A-AEFF-B2485CE8ACD3}.Debug|Any CPU.Build.0 = Debug|Any CPU
		{5E5FD4B5-AEA3-409A-AEFF-B2485CE8ACD3}.Release|Any CPU.ActiveCfg = Release|Any CPU
		{5E5FD4B5-AEA3-409A-AEFF-B2485CE8ACD3}.Release|Any CPU.Build.0 = Release|Any CPU
		{E25F1BE9-96BE-402F-AD6F-9BA7B7323214}.Debug|Any CPU.ActiveCfg = Debug|Any CPU
		{E25F1BE9-96BE-402F-AD6F-9BA7B7323214}.Debug|Any CPU.Build.0 = Debug|Any CPU
		{E25F1BE9-96BE-402F-AD6F-9BA7B7323214}.Release|Any CPU.ActiveCfg = Release|Any CPU
		{E25F1BE9-96BE-402F-AD6F-9BA7B7323214}.Release|Any CPU.Build.0 = Release|Any CPU
		{935B8E11-BE57-40A1-B95E-EB65AD0E3EE2}.Debug|Any CPU.ActiveCfg = Debug|Any CPU
		{935B8E11-BE57-40A1-B95E-EB65AD0E3EE2}.Debug|Any CPU.Build.0 = Debug|Any CPU
		{935B8E11-BE57-40A1-B95E-EB65AD0E3EE2}.Release|Any CPU.ActiveCfg = Release|Any CPU
		{935B8E11-BE57-40A1-B95E-EB65AD0E3EE2}.Release|Any CPU.Build.0 = Release|Any CPU
		{082E550C-40DA-4028-9199-31105FA3A691}.Debug|Any CPU.ActiveCfg = Debug|Any CPU
		{082E550C-40DA-4028-9199-31105FA3A691}.Debug|Any CPU.Build.0 = Debug|Any CPU
		{082E550C-40DA-4028-9199-31105FA3A691}.Release|Any CPU.ActiveCfg = Release|Any CPU
		{082E550C-40DA-4028-9199-31105FA3A691}.Release|Any CPU.Build.0 = Release|Any CPU
		{FC66C1FF-EB9C-40AC-BAEC-6DF200FA65D1}.Debug|Any CPU.ActiveCfg = Debug|Any CPU
		{FC66C1FF-EB9C-40AC-BAEC-6DF200FA65D1}.Debug|Any CPU.Build.0 = Debug|Any CPU
		{FC66C1FF-EB9C-40AC-BAEC-6DF200FA65D1}.Release|Any CPU.ActiveCfg = Release|Any CPU
		{FC66C1FF-EB9C-40AC-BAEC-6DF200FA65D1}.Release|Any CPU.Build.0 = Release|Any CPU
		{70D2A129-8EBD-4CC3-9D55-26E6E0B2D820}.Debug|Any CPU.ActiveCfg = Debug|Any CPU
		{70D2A129-8EBD-4CC3-9D55-26E6E0B2D820}.Debug|Any CPU.Build.0 = Debug|Any CPU
		{70D2A129-8EBD-4CC3-9D55-26E6E0B2D820}.Release|Any CPU.ActiveCfg = Release|Any CPU
		{70D2A129-8EBD-4CC3-9D55-26E6E0B2D820}.Release|Any CPU.Build.0 = Release|Any CPU
		{AD622EC5-8077-4470-B842-8B9D48EBE133}.Debug|Any CPU.ActiveCfg = Debug|Any CPU
		{AD622EC5-8077-4470-B842-8B9D48EBE133}.Debug|Any CPU.Build.0 = Debug|Any CPU
		{AD622EC5-8077-4470-B842-8B9D48EBE133}.Release|Any CPU.ActiveCfg = Release|Any CPU
		{AD622EC5-8077-4470-B842-8B9D48EBE133}.Release|Any CPU.Build.0 = Release|Any CPU
	EndGlobalSection
	GlobalSection(SolutionProperties) = preSolution
		HideSolutionNode = FALSE
	EndGlobalSection
	GlobalSection(NestedProjects) = preSolution
		{4A336548-E3DF-4CE5-9D69-F3849358CBC5} = {097C8D2E-EE24-4F87-AC02-FCC35D56C10E}
		{CA8FDAFC-48BE-4D33-8B26-CC6AD977B374} = {4A336548-E3DF-4CE5-9D69-F3849358CBC5}
		{305B8486-D136-4C81-81FF-2E072B56696E} = {4A336548-E3DF-4CE5-9D69-F3849358CBC5}
		{B41F2830-9AD2-410D-93B6-01C51960A3DC} = {4A336548-E3DF-4CE5-9D69-F3849358CBC5}
		{1FBB06DC-E131-47D4-93FD-5062DABBE806} = {097C8D2E-EE24-4F87-AC02-FCC35D56C10E}
		{D7C08DA1-A85A-451A-9198-82D7F4542CF4} = {1FBB06DC-E131-47D4-93FD-5062DABBE806}
		{BDC83D60-A126-4F36-9366-648EA88AC532} = {4A336548-E3DF-4CE5-9D69-F3849358CBC5}
		{8DF5C1A9-815A-47C7-8200-275232725818} = {4A336548-E3DF-4CE5-9D69-F3849358CBC5}
		{BDF816E7-8ECE-4626-9A77-A159E143A17D} = {1FBB06DC-E131-47D4-93FD-5062DABBE806}
		{B37F5A72-ACD7-4B4C-B52E-E35FCE8828F7} = {4A336548-E3DF-4CE5-9D69-F3849358CBC5}
		{9C82A79F-4D18-4028-9049-9A970E2DF7F3} = {1FBB06DC-E131-47D4-93FD-5062DABBE806}
		{07DDAF95-DC55-494E-B641-6A305E4CBF58} = {1FBB06DC-E131-47D4-93FD-5062DABBE806}
		{28E76BAE-378C-466E-8852-6ECD2BF13A94} = {1FBB06DC-E131-47D4-93FD-5062DABBE806}
		{5E5FD4B5-AEA3-409A-AEFF-B2485CE8ACD3} = {1FBB06DC-E131-47D4-93FD-5062DABBE806}
		{32C78755-BA0E-4E61-A9A2-22EB7283CD53} = {097C8D2E-EE24-4F87-AC02-FCC35D56C10E}
		{E25F1BE9-96BE-402F-AD6F-9BA7B7323214} = {32C78755-BA0E-4E61-A9A2-22EB7283CD53}
		{935B8E11-BE57-40A1-B95E-EB65AD0E3EE2} = {32C78755-BA0E-4E61-A9A2-22EB7283CD53}
		{1DBFD170-4163-4124-9D28-F39333B2A9EE} = {097C8D2E-EE24-4F87-AC02-FCC35D56C10E}
		{082E550C-40DA-4028-9199-31105FA3A691} = {1DBFD170-4163-4124-9D28-F39333B2A9EE}
		{FC66C1FF-EB9C-40AC-BAEC-6DF200FA65D1} = {1DBFD170-4163-4124-9D28-F39333B2A9EE}
		{D7FEFF1D-7AA0-453B-A7E9-D83A6BCFB2E6} = {097C8D2E-EE24-4F87-AC02-FCC35D56C10E}
		{70D2A129-8EBD-4CC3-9D55-26E6E0B2D820} = {D7FEFF1D-7AA0-453B-A7E9-D83A6BCFB2E6}
		{AD622EC5-8077-4470-B842-8B9D48EBE133} = {D7FEFF1D-7AA0-453B-A7E9-D83A6BCFB2E6}
	EndGlobalSection
	GlobalSection(ExtensibilityGlobals) = postSolution
		SolutionGuid = {EC6F373B-C2C8-49C1-AEDC-979DA7E8B510}
	EndGlobalSection
EndGlobal
